
Microsoft Visual Studio Solution File, Format Version 12.00
# Visual Studio Version 17
VisualStudioVersion = 17.4.33403.182
MinimumVisualStudioVersion = 10.0.40219.1
Project("{FAE04EC0-301F-11D3-BF4B-00C04F79EFBC}") = "BigSchool1", "BigSchool1\BigSchool1.csproj", "{5C22B2E4-105C-4136-88DA-2117F648B305}"
EndProject
Global
	GlobalSection(SolutionConfigurationPlatforms) = preSolution
		Debug|Any CPU = Debug|Any CPU
		Release|Any CPU = Release|Any CPU
	EndGlobalSection
	GlobalSection(ProjectConfigurationPlatforms) = postSolution
		{5C22B2E4-105C-4136-88DA-2117F648B305}.Debug|Any CPU.ActiveCfg = Debug|Any CPU
		{5C22B2E4-105C-4136-88DA-2117F648B305}.Debug|Any CPU.Build.0 = Debug|Any CPU
		{5C22B2E4-105C-4136-88DA-2117F648B305}.Release|Any CPU.ActiveCfg = Release|Any CPU
		{5C22B2E4-105C-4136-88DA-2117F648B305}.Release|Any CPU.Build.0 = Release|Any CPU
	EndGlobalSection
	GlobalSection(SolutionProperties) = preSolution
		HideSolutionNode = FALSE
	EndGlobalSection
	GlobalSection(ExtensibilityGlobals) = postSolution
		SolutionGuid = {4D3D777F-A00A-406E-8995-B462E47E59CB}
	EndGlobalSection
EndGlobal
